{
  "name": "ts01",
  "version": "1.0.0",
  "lockfileVersion": 1,
  "requires": true,
  "dependencies": {
    "@types/node": {
      "version": "14.6.2",
      "resolved": "https://r.cnpmjs.org/@types/node/download/@types/node-14.6.2.tgz",
      "integrity": "sha1-JktExaKN+oAZj8L3ttPIoFS5SR8=",
      "dev": true
    }
  }
}
